github.com/mdempsky/gocode v0.0.0-20191202075140-939b4a677f2f h1:fZeEdJL+u/usJDT4Pcz9tpdRMPvR4w8rGox4bc5isn0=
github.com/mdempsky/gocode v0.0.0-20191202075140-939b4a677f2f/go.mod h1:hltEC42XzfMNgg0S1v6JTywwra2Mu6F6cLR03debVQ8=
golang.org/x/tools v0.0.0-20200115212319-0110d43865d9 h1:xL306+SpDxWCtKDWPYeulsKr3rGlNg3fBIB8GvKuZCQ=
